
Microsoft Visual Studio Solution File, Format Version 12.00
# Visual Studio 15
VisualStudioVersion = 15.0.28307.1000
MinimumVisualStudioVersion = 10.0.40219.1
Project("{FAE04EC0-301F-11D3-BF4B-00C04F79EFBC}") = "ReviewFinal", "ReviewFinal\ReviewFinal.csproj", "{4CB40A57-C673-4A50-8220-7D1B63476C49}"
EndProject
Global
	GlobalSection(SolutionConfigurationPlatforms) = preSolution
		Debug|Any CPU = Debug|Any CPU
		Release|Any CPU = Release|Any CPU
	EndGlobalSection
	GlobalSection(ProjectConfigurationPlatforms) = postSolution
		{4CB40A57-C673-4A50-8220-7D1B63476C49}.Debug|Any CPU.ActiveCfg = Debug|Any CPU
		{4CB40A57-C673-4A50-8220-7D1B63476C49}.Debug|Any CPU.Build.0 = Debug|Any CPU
		{4CB40A57-C673-4A50-8220-7D1B63476C49}.Release|Any CPU.ActiveCfg = Release|Any CPU
		{4CB40A57-C673-4A50-8220-7D1B63476C49}.Release|Any CPU.Build.0 = Release|Any CPU
	EndGlobalSection
	GlobalSection(SolutionProperties) = preSolution
		HideSolutionNode = FALSE
	EndGlobalSection
	GlobalSection(ExtensibilityGlobals) = postSolution
		SolutionGuid = {B1EAAE27-B654-43CB-837E-F80F43F298A8}
	EndGlobalSection
EndGlobal
